{
  "name": "003_js-platforms_node",
  "version": "1.0.0",
  "lockfileVersion": 1,
  "requires": true,
  "dependencies": {
    "@kiiyas/003_js-platforms": {
      "version": "1.0.0",
      "resolved": "https://npm.pkg.github.com/download/@kiiyas/003_js-platforms/1.0.0/1fb78c404e2405e635d938584a3f737e73fbac3fd7f14baebfacfd3255d3598f",
      "integrity": "sha512-AueFoPMyHKihKGduSm9P0YZ+uK8u/J2yaFhQeERrt9HBD09sDDP8ndLWqHKHKbgUC/KvzaWPBV+sS1hSiuz0eA=="
    }
  }
}
